
Microsoft Visual Studio Solution File, Format Version 12.00
# Visual Studio Version 16
VisualStudioVersion = 16.0.33130.400
MinimumVisualStudioVersion = 10.0.40219.1
Project("{FAE04EC0-301F-11D3-BF4B-00C04F79EFBC}") = "MadeAndCancel", "MadeAndCancel.csproj", "{08F213A1-C4D8-405F-88AA-FAA96FCB4CE7}"
EndProject
Global
	GlobalSection(SolutionConfigurationPlatforms) = preSolution
		Debug|Any CPU = Debug|Any CPU
		Release|Any CPU = Release|Any CPU
	EndGlobalSection
	GlobalSection(ProjectConfigurationPlatforms) = postSolution
		{08F213A1-C4D8-405F-88AA-FAA96FCB4CE7}.Debug|Any CPU.ActiveCfg = Debug|Any CPU
		{08F213A1-C4D8-405F-88AA-FAA96FCB4CE7}.Debug|Any CPU.Build.0 = Debug|Any CPU
		{08F213A1-C4D8-405F-88AA-FAA96FCB4CE7}.Release|Any CPU.ActiveCfg = Release|Any CPU
		{08F213A1-C4D8-405F-88AA-FAA96FCB4CE7}.Release|Any CPU.Build.0 = Release|Any CPU
	EndGlobalSection
	GlobalSection(SolutionProperties) = preSolution
		HideSolutionNode = FALSE
	EndGlobalSection
	GlobalSection(ExtensibilityGlobals) = postSolution
		SolutionGuid = {A1A73605-C2D5-44F9-900C-A659F66CD3D6}
	EndGlobalSection
EndGlobal
